github.com/leaanthony/clir v1.0.4/go.mod h1:k/RBkdkFl18xkkACMCLt09bhiZnrGORoxmomeMvDpE0=
github.com/leaanthony/winicon v1.0.0 h1:ZNt5U5dY71oEoKZ97UVwJRT4e+5xo5o/ieKuHuk8NqQ=
github.com/leaanthony/winicon v1.0.0/go.mod h1:en5xhijl92aphrJdmRPlh4NI1L6wq3gEm0LpXAPghjU=
golang.org/x/image v0.0.0-20200430140353-33d19683fad8 h1:6WW6V3x1P/jokJBpRQYUJnMHRP6isStQwCozxnU7XQw=
golang.org/x/image v0.0.0-20200430140353-33d19683fad8/go.mod h1:FeLwcggjj3mMvU+oOTbSwawSJRM1uh48EjtB4UJZlP0=
golang.org/x/text v0.3.0/go.mod h1:NqM8EUOU14njkJ3fqMW+pc6Ldnwhi/IjpwHt7yyuwOQ=
